// !$*UTF8*$!
{
	archiveVersion = 1;
	classes = {
	};
	objectVersion = 46;
	objects = {

/* Begin PBXBuildFile section */
		562A61F61F84E684007E9160 /* AppDelegate.swift in Sources */ = {isa = PBXBuildFile; fileRef = 562A61F51F84E684007E9160 /* AppDelegate.swift */; };
		562A61F81F84E684007E9160 /* SignInVC.swift in Sources */ = {isa = PBXBuildFile; fileRef = 562A61F71F84E684007E9160 /* SignInVC.swift */; };
		562A61FB1F84E684007E9160 /* Main.storyboard in Resources */ = {isa = PBXBuildFile; fileRef = 562A61F91F84E684007E9160 /* Main.storyboard */; };
		562A61FE1F84E684007E9160 /* SOCIO.xcdatamodeld in Sources */ = {isa = PBXBuildFile; fileRef = 562A61FC1F84E684007E9160 /* SOCIO.xcdatamodeld */; };
		562A62001F84E685007E9160 /* Assets.xcassets in Resources */ = {isa = PBXBuildFile; fileRef = 562A61FF1F84E685007E9160 /* Assets.xcassets */; };
		562A62031F84E685007E9160 /* LaunchScreen.storyboard in Resources */ = {isa = PBXBuildFile; fileRef = 562A62011F84E685007E9160 /* LaunchScreen.storyboard */; };
		562A620B1F84E79F007E9160 /* GoogleService-Info.plist in Resources */ = {isa = PBXBuildFile; fileRef = 562A620A1F84E79F007E9160 /* GoogleService-Info.plist */; };
		56D64ECA1F88F49D00E91F5A /* FancyView.swift in Sources */ = {isa = PBXBuildFile; fileRef = 56D64EC91F88F49D00E91F5A /* FancyView.swift */; };
		56D64ECD1F88F61F00E91F5A /* Constants.swift in Sources */ = {isa = PBXBuildFile; fileRef = 56D64ECC1F88F61F00E91F5A /* Constants.swift */; };
		56D64ECF1F88F7FD00E91F5A /* Round Button.swift in Sources */ = {isa = PBXBuildFile; fileRef = 56D64ECE1F88F7FD00E91F5A /* Round Button.swift */; };
		56FA05D61F8A3E0D00849421 /* Feed.swift in Sources */ = {isa = PBXBuildFile; fileRef = 56FA05D51F8A3E0D00849421 /* Feed.swift */; };
		56FA05D81F8AAAD500849421 /* CircleView.swift in Sources */ = {isa = PBXBuildFile; fileRef = 56FA05D71F8AAAD500849421 /* CircleView.swift */; };
		F78B256CF1D571CE4E0FEEF2 /* Pods_SOCIO.framework in Frameworks */ = {isa = PBXBuildFile; fileRef = B642BD0DB49BE98F5D5B0495 /* Pods_SOCIO.framework */; };
/* End PBXBuildFile section */

/* Begin PBXFileReference section */
		3227B422CE3DBB0678D83CB1 /* Pods-SOCIO.release.xcconfig */ = {isa = PBXFileReference; includeInIndex = 1; lastKnownFileType = text.xcconfig; name = "Pods-SOCIO.release.xcconfig"; path = "Pods/Target Support Files/Pods-SOCIO/Pods-SOCIO.release.xcconfig"; sourceTree = "<group>"; };
		562A61F21F84E684007E9160 /* SOCIO.app */ = {isa = PBXFileReference; explicitFileType = wrapper.application; includeInIndex = 0; path = SOCIO.app; sourceTree = BUILT_PRODUCTS_DIR; };
		562A61F51F84E684007E9160 /* AppDelegate.swift */ = {isa = PBXFileReference; lastKnownFileType = sourcecode.swift; path = AppDelegate.swift; sourceTree = "<group>"; };
		562A61F71F84E684007E9160 /* SignInVC.swift */ = {isa = PBXFileReference; lastKnownFileType = sourcecode.swift; path = SignInVC.swift; sourceTree = "<group>"; };
		562A61FA1F84E684007E9160 /* Base */ = {isa = PBXFileReference; lastKnownFileType = file.storyboard; name = Base; path = Base.lproj/Main.storyboard; sourceTree = "<group>"; };
		562A61FD1F84E684007E9160 /* SOCIO.xcdatamodel */ = {isa = PBXFileReference; lastKnownFileType = wrapper.xcdatamodel; path = SOCIO.xcdatamodel; sourceTree = "<group>"; };
		562A61FF1F84E685007E9160 /* Assets.xcassets */ = {isa = PBXFileReference; lastKnownFileType = folder.assetcatalog; path = Assets.xcassets; sourceTree = "<group>"; };
		562A62021F84E685007E9160 /* Base */ = {isa = PBXFileReference; lastKnownFileType = file.storyboard; name = Base; path = Base.lproj/LaunchScreen.storyboard; sourceTree = "<group>"; };
		562A62041F84E685007E9160 /* Info.plist */ = {isa = PBXFileReference; lastKnownFileType = text.plist.xml; path = Info.plist; sourceTree = "<group>"; };
		562A620A1F84E79F007E9160 /* GoogleService-Info.plist */ = {isa = PBXFileReference; fileEncoding = 4; lastKnownFileType = text.plist.xml; path = "GoogleService-Info.plist"; sourceTree = "<group>"; };
		56719B3B1F890E3E00ECB793 /* SOCIO.entitlements */ = {isa = PBXFileReference; lastKnownFileType = text.plist.entitlements; path = SOCIO.entitlements; sourceTree = "<group>"; };
		56D64EC91F88F49D00E91F5A /* FancyView.swift */ = {isa = PBXFileReference; fileEncoding = 4; lastKnownFileType = sourcecode.swift; path = FancyView.swift; sourceTree = "<group>"; };
		56D64ECC1F88F61F00E91F5A /* Constants.swift */ = {isa = PBXFileReference; fileEncoding = 4; lastKnownFileType = sourcecode.swift; path = Constants.swift; sourceTree = "<group>"; };
		56D64ECE1F88F7FD00E91F5A /* Round Button.swift */ = {isa = PBXFileReference; fileEncoding = 4; lastKnownFileType = sourcecode.swift; path = "Round Button.swift"; sourceTree = "<group>"; };
		56FA05D51F8A3E0D00849421 /* Feed.swift */ = {isa = PBXFileReference; fileEncoding = 4; lastKnownFileType = sourcecode.swift; path = Feed.swift; sourceTree = "<group>"; };
		56FA05D71F8AAAD500849421 /* CircleView.swift */ = {isa = PBXFileReference; fileEncoding = 4; lastKnownFileType = sourcecode.swift; path = CircleView.swift; sourceTree = "<group>"; };
		5D3C655622E7D2424089BB9D /* Pods-SOCIO.debug.xcconfig */ = {isa = PBXFileReference; includeInIndex = 1; lastKnownFileType = text.xcconfig; name = "Pods-SOCIO.debug.xcconfig"; path = "Pods/Target Support Files/Pods-SOCIO/Pods-SOCIO.debug.xcconfig"; sourceTree = "<group>"; };
		B642BD0DB49BE98F5D5B0495 /* Pods_SOCIO.framework */ = {isa = PBXFileReference; explicitFileType = wrapper.framework; includeInIndex = 0; path = Pods_SOCIO.framework; sourceTree = BUILT_PRODUCTS_DIR; };
/* End PBXFileReference section */

/* Begin PBXFrameworksBuildPhase section */
		562A61EF1F84E684007E9160 /* Frameworks */ = {
			isa = PBXFrameworksBuildPhase;
			buildActionMask = 2147483647;
			files = (
				F78B256CF1D571CE4E0FEEF2 /* Pods_SOCIO.framework in Frameworks */,
			);
			runOnlyForDeploymentPostprocessing = 0;
		};
/* End PBXFrameworksBuildPhase section */

/* Begin PBXGroup section */
		562A61E91F84E684007E9160 = {
			isa = PBXGroup;
			children = (
				562A61F41F84E684007E9160 /* SOCIO */,
				562A61F31F84E684007E9160 /* Products */,
				88D863C0F8057414AD542476 /* Pods */,
				F3ADFC018FEB0FF4F5CE6B28 /* Frameworks */,
			);
			sourceTree = "<group>";
		};
		562A61F31F84E684007E9160 /* Products */ = {
			isa = PBXGroup;
			children = (
				562A61F21F84E684007E9160 /* SOCIO.app */,
			);
			name = Products;
			sourceTree = "<group>";
		};
		562A61F41F84E684007E9160 /* SOCIO */ = {
			isa = PBXGroup;
			children = (
				56719B3B1F890E3E00ECB793 /* SOCIO.entitlements */,
				56D64ECB1F88F60B00E91F5A /* UTIL */,
				562A620C1F855A5B007E9160 /* Model */,
				562A620D1F855A63007E9160 /* Controller */,
				562A61F51F84E684007E9160 /* AppDelegate.swift */,
				562A620E1F855A89007E9160 /* View */,
				562A61F91F84E684007E9160 /* Main.storyboard */,
				562A61FF1F84E685007E9160 /* Assets.xcassets */,
				562A62011F84E685007E9160 /* LaunchScreen.storyboard */,
				562A62041F84E685007E9160 /* Info.plist */,
				562A620A1F84E79F007E9160 /* GoogleService-Info.plist */,
				562A61FC1F84E684007E9160 /* SOCIO.xcdatamodeld */,
			);
			path = SOCIO;
			sourceTree = "<group>";
		};
		562A620C1F855A5B007E9160 /* Model */ = {
			isa = PBXGroup;
			children = (
			);
			name = Model;
			sourceTree = "<group>";
		};
		562A620D1F855A63007E9160 /* Controller */ = {
			isa = PBXGroup;
			children = (
				562A61F71F84E684007E9160 /* SignInVC.swift */,
				56FA05D51F8A3E0D00849421 /* Feed.swift */,
			);
			name = Controller;
			sourceTree = "<group>";
		};
		562A620E1F855A89007E9160 /* View */ = {
			isa = PBXGroup;
			children = (
				56D64EC91F88F49D00E91F5A /* FancyView.swift */,
				56D64ECE1F88F7FD00E91F5A /* Round Button.swift */,
				56FA05D71F8AAAD500849421 /* CircleView.swift */,
			);
			name = View;
			sourceTree = "<group>";
		};
		56D64ECB1F88F60B00E91F5A /* UTIL */ = {
			isa = PBXGroup;
			children = (
				56D64ECC1F88F61F00E91F5A /* Constants.swift */,
			);
			name = UTIL;
			sourceTree = "<group>";
		};
		88D863C0F8057414AD542476 /* Pods */ = {
			isa = PBXGroup;
			children = (
				5D3C655622E7D2424089BB9D /* Pods-SOCIO.debug.xcconfig */,
				3227B422CE3DBB0678D83CB1 /* Pods-SOCIO.release.xcconfig */,
			);
			name = Pods;
			sourceTree = "<group>";
		};
		F3ADFC018FEB0FF4F5CE6B28 /* Frameworks */ = {
			isa = PBXGroup;
			children = (
				B642BD0DB49BE98F5D5B0495 /* Pods_SOCIO.framework */,
			);
			name = Frameworks;
			sourceTree = "<group>";
		};
/* End PBXGroup section */

/* Begin PBXNativeTarget section */
		562A61F11F84E684007E9160 /* SOCIO */ = {
			isa = PBXNativeTarget;
			buildConfigurationList = 562A62071F84E685007E9160 /* Build configuration list for PBXNativeTarget "SOCIO" */;
			buildPhases = (
				FB6039171BB64A4D587FBFE8 /* [CP] Check Pods Manifest.lock */,
				562A61EE1F84E684007E9160 /* Sources */,
				562A61EF1F84E684007E9160 /* Frameworks */,
				562A61F01F84E684007E9160 /* Resources */,
				3F8F4C114232072F3323682A /* [CP] Embed Pods Frameworks */,
				B94864FA3BDA1EEE48EB3FB9 /* [CP] Copy Pods Resources */,
			);
			buildRules = (
			);
			dependencies = (
			);
			name = SOCIO;
			productName = SOCIO;
			productReference = 562A61F21F84E684007E9160 /* SOCIO.app */;
			productType = "com.apple.product-type.application";
		};
/* End PBXNativeTarget section */

/* Begin PBXProject section */
		562A61EA1F84E684007E9160 /* Project object */ = {
			isa = PBXProject;
			attributes = {
				LastSwiftUpdateCheck = 0830;
				LastUpgradeCheck = 0830;
				ORGANIZATIONNAME = "Hardik Wason";
				TargetAttributes = {
					562A61F11F84E684007E9160 = {
						CreatedOnToolsVersion = 8.3.3;
						DevelopmentTeam = P56G6X7SJ4;
						ProvisioningStyle = Automatic;
						SystemCapabilities = {
							com.apple.Keychain = {
								enabled = 1;
							};
						};
					};
				};
			};
			buildConfigurationList = 562A61ED1F84E684007E9160 /* Build configuration list for PBXProject "SOCIO" */;
			compatibilityVersion = "Xcode 3.2";
			developmentRegion = English;
			hasScannedForEncodings = 0;
			knownRegions = (
				en,
				Base,
			);
			mainGroup = 562A61E91F84E684007E9160;
			productRefGroup = 562A61F31F84E684007E9160 /* Products */;
			projectDirPath = "";
			projectRoot = "";
			targets = (
				562A61F11F84E684007E9160 /* SOCIO */,
			);
		};
/* End PBXProject section */

/* Begin PBXResourcesBuildPhase section */
		562A61F01F84E684007E9160 /* Resources */ = {
			isa = PBXResourcesBuildPhase;
			buildActionMask = 2147483647;
			files = (
				562A62031F84E685007E9160 /* LaunchScreen.storyboard in Resources */,
				562A62001F84E685007E9160 /* Assets.xcassets in Resources */,
				562A61FB1F84E684007E9160 /* Main.storyboard in Resources */,
				562A620B1F84E79F007E9160 /* GoogleService-Info.plist in Resources */,
			);
			runOnlyForDeploymentPostprocessing = 0;
		};
/* End PBXResourcesBuildPhase section */

/* Begin PBXShellScriptBuildPhase section */
		3F8F4C114232072F3323682A /* [CP] Embed Pods Frameworks */ = {
			isa = PBXShellScriptBuildPhase;
			buildActionMask = 2147483647;
			files = (
			);
			inputPaths = (
			);
			name = "[CP] Embed Pods Frameworks";
			outputPaths = (
			);
			runOnlyForDeploymentPostprocessing = 0;
			shellPath = /bin/sh;
			shellScript = "\"${SRCROOT}/Pods/Target Support Files/Pods-SOCIO/Pods-SOCIO-frameworks.sh\"\n";
			showEnvVarsInLog = 0;
		};
		B94864FA3BDA1EEE48EB3FB9 /* [CP] Copy Pods Resources */ = {
			isa = PBXShellScriptBuildPhase;
			buildActionMask = 2147483647;
			files = (
			);
			inputPaths = (
			);
			name = "[CP] Copy Pods Resources";
			outputPaths = (
			);
			runOnlyForDeploymentPostprocessing = 0;
			shellPath = /bin/sh;
			shellScript = "\"${SRCROOT}/Pods/Target Support Files/Pods-SOCIO/Pods-SOCIO-resources.sh\"\n";
			showEnvVarsInLog = 0;
		};
		FB6039171BB64A4D587FBFE8 /* [CP] Check Pods Manifest.lock */ = {
			isa = PBXShellScriptBuildPhase;
			buildActionMask = 2147483647;
			files = (
			);
			inputPaths = (
			);
			name = "[CP] Check Pods Manifest.lock";
			outputPaths = (
			);
			runOnlyForDeploymentPostprocessing = 0;
			shellPath = /bin/sh;
			shellScript = "diff \"${PODS_PODFILE_DIR_PATH}/Podfile.lock\" \"${PODS_ROOT}/Manifest.lock\" > /dev/null\nif [ $? != 0 ] ; then\n    # print error to STDERR\n    echo \"error: The sandbox is not in sync with the Podfile.lock. Run 'pod install' or update your CocoaPods installation.\" >&2\n    exit 1\nfi\n";
			showEnvVarsInLog = 0;
		};
/* End PBXShellScriptBuildPhase section */

/* Begin PBXSourcesBuildPhase section */
		562A61EE1F84E684007E9160 /* Sources */ = {
			isa = PBXSourcesBuildPhase;
			buildActionMask = 2147483647;
			files = (
				56FA05D81F8AAAD500849421 /* CircleView.swift in Sources */,
				56D64ECD1F88F61F00E91F5A /* Constants.swift in Sources */,
				562A61F81F84E684007E9160 /* SignInVC.swift in Sources */,
				562A61F61F84E684007E9160 /* AppDelegate.swift in Sources */,
				56FA05D61F8A3E0D00849421 /* Feed.swift in Sources */,
				56D64ECF1F88F7FD00E91F5A /* Round Button.swift in Sources */,
				56D64ECA1F88F49D00E91F5A /* FancyView.swift in Sources */,
				562A61FE1F84E684007E9160 /* SOCIO.xcdatamodeld in Sources */,
			);
			runOnlyForDeploymentPostprocessing = 0;
		};
/* End PBXSourcesBuildPhase section */

/* Begin PBXVariantGroup section */
		562A61F91F84E684007E9160 /* Main.storyboard */ = {
			isa = PBXVariantGroup;
			children = (
				562A61FA1F84E684007E9160 /* Base */,
			);
			name = Main.storyboard;
			sourceTree = "<group>";
		};
		562A62011F84E685007E9160 /* LaunchScreen.storyboard */ = {
			isa = PBXVariantGroup;
			children = (
				562A62021F84E685007E9160 /* Base */,
			);
			name = LaunchScreen.storyboard;
			sourceTree = "<group>";
		};
/* End PBXVariantGroup section */

/* Begin XCBuildConfiguration section */
		562A62051F84E685007E9160 /* Debug */ = {
			isa = XCBuildConfiguration;
			buildSettings = {
				ALWAYS_SEARCH_USER_PATHS = NO;
				CLANG_ANALYZER_NONNULL = YES;
				CLANG_ANALYZER_NUMBER_OBJECT_CONVERSION = YES_AGGRESSIVE;
				CLANG_CXX_LANGUAGE_STANDARD = "gnu++0x";
				CLANG_CXX_LIBRARY = "libc++";
				CLANG_ENABLE_MODULES = YES;
				CLANG_ENABLE_OBJC_ARC = YES;
				CLANG_WARN_BOOL_CONVERSION = YES;
				CLANG_WARN_CONSTANT_CONVERSION = YES;
				CLANG_WARN_DIRECT_OBJC_ISA_USAGE = YES_ERROR;
				CLANG_WARN_DOCUMENTATION_COMMENTS = YES;
				CLANG_WARN_EMPTY_BODY = YES;
				CLANG_WARN_ENUM_CONVERSION = YES;
				CLANG_WARN_INFINITE_RECURSION = YES;
				CLANG_WARN_INT_CONVERSION = YES;
				CLANG_WARN_OBJC_ROOT_CLASS = YES_ERROR;
				CLANG_WARN_SUSPICIOUS_MOVE = YES;
				CLANG_WARN_UNREACHABLE_CODE = YES;
				CLANG_WARN__DUPLICATE_METHOD_MATCH = YES;
				"CODE_SIGN_IDENTITY[sdk=iphoneos*]" = "iPhone Developer";
				COPY_PHASE_STRIP = NO;
				DEBUG_INFORMATION_FORMAT = dwarf;
				ENABLE_STRICT_OBJC_MSGSEND = YES;
				ENABLE_TESTABILITY = YES;
				GCC_C_LANGUAGE_STANDARD = gnu99;
				GCC_DYNAMIC_NO_PIC = NO;
				GCC_NO_COMMON_BLOCKS = YES;
				GCC_OPTIMIZATION_LEVEL = 0;
				GCC_PREPROCESSOR_DEFINITIONS = (
					"DEBUG=1",
					"$(inherited)",
				);
				GCC_WARN_64_TO_32_BIT_CONVERSION = YES;
				GCC_WARN_ABOUT_RETURN_TYPE = YES_ERROR;
				GCC_WARN_UNDECLARED_SELECTOR = YES;
				GCC_WARN_UNINITIALIZED_AUTOS = YES_AGGRESSIVE;
				GCC_WARN_UNUSED_FUNCTION = YES;
				GCC_WARN_UNUSED_VARIABLE = YES;
				IPHONEOS_DEPLOYMENT_TARGET = 10.3;
				MTL_ENABLE_DEBUG_INFO = YES;
				ONLY_ACTIVE_ARCH = YES;
				SDKROOT = iphoneos;
				SWIFT_ACTIVE_COMPILATION_CONDITIONS = DEBUG;
				SWIFT_OPTIMIZATION_LEVEL = "-Onone";
			};
			name = Debug;
		};
		562A62061F84E685007E9160 /* Release */ = {
			isa = XCBuildConfiguration;
			buildSettings = {
				ALWAYS_SEARCH_USER_PATHS = NO;
				CLANG_ANALYZER_NONNULL = YES;
				CLANG_ANALYZER_NUMBER_OBJECT_CONVERSION = YES_AGGRESSIVE;
				CLANG_CXX_LANGUAGE_STANDARD = "gnu++0x";
				CLANG_CXX_LIBRARY = "libc++";
				CLANG_ENABLE_MODULES = YES;
				CLANG_ENABLE_OBJC_ARC = YES;
				CLANG_WARN_BOOL_CONVERSION = YES;
				CLANG_WARN_CONSTANT_CONVERSION = YES;
				CLANG_WARN_DIRECT_OBJC_ISA_USAGE = YES_ERROR;
				CLANG_WARN_DOCUMENTATION_COMMENTS = YES;
				CLANG_WARN_EMPTY_BODY = YES;
				CLANG_WARN_ENUM_CONVERSION = YES;
				CLANG_WARN_INFINITE_RECURSION = YES;
				CLANG_WARN_INT_CONVERSION = YES;
				CLANG_WARN_OBJC_ROOT_CLASS = YES_ERROR;
				CLANG_WARN_SUSPICIOUS_MOVE = YES;
				CLANG_WARN_UNREACHABLE_CODE = YES;
				CLANG_WARN__DUPLICATE_METHOD_MATCH = YES;
				"CODE_SIGN_IDENTITY[sdk=iphoneos*]" = "iPhone Developer";
				COPY_PHASE_STRIP = NO;
				DEBUG_INFORMATION_FORMAT = "dwarf-with-dsym";
				ENABLE_NS_ASSERTIONS = NO;
				ENABLE_STRICT_OBJC_MSGSEND = YES;
				GCC_C_LANGUAGE_STANDARD = gnu99;
				GCC_NO_COMMON_BLOCKS = YES;
				GCC_WARN_64_TO_32_BIT_CONVERSION = YES;
				GCC_WARN_ABOUT_RETURN_TYPE = YES_ERROR;
				GCC_WARN_UNDECLARED_SELECTOR = YES;
				GCC_WARN_UNINITIALIZED_AUTOS = YES_AGGRESSIVE;
				GCC_WARN_UNUSED_FUNCTION = YES;
				GCC_WARN_UNUSED_VARIABLE = YES;
				IPHONEOS_DEPLOYMENT_TARGET = 10.3;
				MTL_ENABLE_DEBUG_INFO = NO;
				SDKROOT = iphoneos;
				SWIFT_OPTIMIZATION_LEVEL = "-Owholemodule";
				VALIDATE_PRODUCT = YES;
			};
			name = Release;
		};
		562A62081F84E685007E9160 /* Debug */ = {
			isa = XCBuildConfiguration;
			baseConfigurationReference = 5D3C655622E7D2424089BB9D /* Pods-SOCIO.debug.xcconfig */;
			buildSettings = {
				ASSETCATALOG_COMPILER_APPICON_NAME = AppIcon;
				CODE_SIGN_ENTITLEMENTS = SOCIO/SOCIO.entitlements;
				DEVELOPMENT_TEAM = P56G6X7SJ4;
				INFOPLIST_FILE = SOCIO/Info.plist;
				LD_RUNPATH_SEARCH_PATHS = "$(inherited) @executable_path/Frameworks";
				PRODUCT_BUNDLE_IDENTIFIER = hardikwason.SOCIO;
				PRODUCT_NAME = "$(TARGET_NAME)";
				SWIFT_VERSION = 3.0;
			};
			name = Debug;
		};
		562A62091F84E685007E9160 /* Release */ = {
			isa = XCBuildConfiguration;
			baseConfigurationReference = 3227B422CE3DBB0678D83CB1 /* Pods-SOCIO.release.xcconfig */;
			buildSettings = {
				ASSETCATALOG_COMPILER_APPICON_NAME = AppIcon;
				CODE_SIGN_ENTITLEMENTS = SOCIO/SOCIO.entitlements;
				DEVELOPMENT_TEAM = P56G6X7SJ4;
				INFOPLIST_FILE = SOCIO/Info.plist;
				LD_RUNPATH_SEARCH_PATHS = "$(inherited) @executable_path/Frameworks";
				PRODUCT_BUNDLE_IDENTIFIER = hardikwason.SOCIO;
				PRODUCT_NAME = "$(TARGET_NAME)";
				SWIFT_VERSION = 3.0;
			};
			name = Release;
		};
/* End XCBuildConfiguration section */

/* Begin XCConfigurationList section */
		562A61ED1F84E684007E9160 /* Build configuration list for PBXProject "SOCIO" */ = {
			isa = XCConfigurationList;
			buildConfigurations = (
				562A62051F84E685007E9160 /* Debug */,
				562A62061F84E685007E9160 /* Release */,
			);
			defaultConfigurationIsVisible = 0;
			defaultConfigurationName = Release;
		};
		562A62071F84E685007E9160 /* Build configuration list for PBXNativeTarget "SOCIO" */ = {
			isa = XCConfigurationList;
			buildConfigurations = (
				562A62081F84E685007E9160 /* Debug */,
				562A62091F84E685007E9160 /* Release */,
			);
			defaultConfigurationIsVisible = 0;
			defaultConfigurationName = Release;
		};
/* End XCConfigurationList section */

/* Begin XCVersionGroup section */
		562A61FC1F84E684007E9160 /* SOCIO.xcdatamodeld */ = {
			isa = XCVersionGroup;
			children = (
				562A61FD1F84E684007E9160 /* SOCIO.xcdatamodel */,
			);
			currentVersion = 562A61FD1F84E684007E9160 /* SOCIO.xcdatamodel */;
			path = SOCIO.xcdatamodeld;
			sourceTree = "<group>";
			versionGroupType = wrapper.xcdatamodel;
		};
/* End XCVersionGroup section */
	};
	rootObject = 562A61EA1F84E684007E9160 /* Project object */;
}
